<?xml version="1.0" encoding="utf-8"?>
<Project ToolsVersion="4.0" xmlns="http://schemas.microsoft.com/developer/msbuild/2003">
  <ItemGroup>
    <Filter Include="Source Files">
      <UniqueIdentifier>{4FC737F1-C7A5-4376-A066-2A32D752A2FF}</UniqueIdentifier>
      <Extensions>cpp;c;cc;cxx;c++;cppm;ixx;def;odl;idl;hpj;bat;asm;asmx</Extensions>
    </Filter>
    <Filter Include="Header Files">
      <UniqueIdentifier>{93995380-89BD-4b04-88EB-625FBE52EBFB}</UniqueIdentifier>
      <Extensions>h;hh;hpp;hxx;h++;hm;inl;inc;ipp;xsd</Extensions>
    </Filter>
    <Filter Include="Resource Files">
      <UniqueIdentifier>{67DA6AB6-F800-4c08-8B7A-83BB121AAD01}</UniqueIdentifier>
      <Extensions>rc;ico;cur;bmp;dlg;rc2;rct;bin;rgs;gif;jpg;jpeg;jpe;resx;tiff;tif;png;wav;mfcribbon-ms</Extensions>
    </Filter>
    <Filter Include="Source Files\windows">
      <UniqueIdentifier>{556fcee0-b939-4408-a0bd-c22744959d42}</UniqueIdentifier>
    </Filter>
    <Filter Include="Source Files\entities">
      <UniqueIdentifier>{51155996-9dda-4470-b9dd-6db716e949d3}</UniqueIdentifier>
    </Filter>
    <Filter Include="Header Files\windows">
      <UniqueIdentifier>{b9f151a6-50e4-4451-a55c-a87db087e4c2}</UniqueIdentifier>
    </Filter>
    <Filter Include="Header Files\entites">
      <UniqueIdentifier>{421941e1-b949-4b99-870d-8b6321e67e14}</UniqueIdentifier>
    </Filter>
    <Filter Include="Header Files\assets">
      <UniqueIdentifier>{b1215877-5fbf-4cc3-a019-ec6190794533}</UniqueIdentifier>
    </Filter>
    <Filter Include="Header Files\utils">
      <UniqueIdentifier>{b8295b89-56ce-4bc4-b9b2-2051b6bfa6c3}</UniqueIdentifier>
    </Filter>
  </ItemGroup>
  <ItemGroup>
    <ClInclude Include="targetver.h">
      <Filter>Header Files\assets</Filter>
    </ClInclude>
    <ClInclude Include="framework.h">
      <Filter>Header Files\assets</Filter>
    </ClInclude>
    <ClInclude Include="Resource.h">
      <Filter>Header Files\assets</Filter>
    </ClInclude>
    <ClInclude Include="video_player_window.h">
      <Filter>Header Files\windows</Filter>
    </ClInclude>
    <ClInclude Include="video_info_window.h">
      <Filter>Header Files\windows</Filter>
    </ClInclude>
    <ClInclude Include="video_player.h">
      <Filter>Header Files\entites</Filter>
    </ClInclude>
    <ClInclude Include="video_info.h">
      <Filter>Header Files\entites</Filter>
    </ClInclude>
    <ClInclude Include="video_analyzer.h">
      <Filter>Header Files\entites</Filter>
    </ClInclude>
    <ClInclude Include="utils.h">
      <Filter>Header Files\utils</Filter>
    </ClInclude>
    <ClInclude Include="video_reader.h">
      <Filter>Header Files\entites</Filter>
    </ClInclude>
    <ClInclude Include="color.h">
      <Filter>Header Files\entites</Filter>
    </ClInclude>
  </ItemGroup>
  <ItemGroup>
    <ClCompile Include="main.cpp">
      <Filter>Source Files</Filter>
    </ClCompile>
    <ClCompile Include="video_player_window.cpp">
      <Filter>Source Files\windows</Filter>
    </ClCompile>
    <ClCompile Include="video_info_window.cpp">
      <Filter>Source Files\windows</Filter>
    </ClCompile>
    <ClCompile Include="video_player.cpp">
      <Filter>Source Files\entities</Filter>
    </ClCompile>
    <ClCompile Include="video_analyzer.cpp">
      <Filter>Source Files\entities</Filter>
    </ClCompile>
    <ClCompile Include="video_reader.cpp">
      <Filter>Source Files\entities</Filter>
    </ClCompile>
  </ItemGroup>
  <ItemGroup>
    <ResourceCompile Include="video_analyzer.rc">
      <Filter>Resource Files</Filter>
    </ResourceCompile>
  </ItemGroup>
  <ItemGroup>
    <Image Include="small.ico">
      <Filter>Resource Files</Filter>
    </Image>
    <Image Include="video_analyzer.ico">
      <Filter>Resource Files</Filter>
    </Image>
  </ItemGroup>
</Project>